# This file is automatically @generated by Cargo.
# It is not intended for manual editing.
version = 4

[[package]]
name = "nuis-runtime"
version = "0.1.0"

[[package]]
name = "nuis-semantics"
version = "0.1.0"

[[package]]
name = "nuisc"
version = "0.1.0"

[[package]]
name = "strategy-ai"
version = "0.1.0"

[[package]]
name = "yir-core"
version = "0.1.0"

[[package]]
name = "yir-domain-cpu"
version = "0.1.0"
dependencies = [
 "yir-core",
]

[[package]]
name = "yir-domain-shader"
version = "0.1.0"
dependencies = [
 "yir-core",
]

[[package]]
name = "yir-emit-llvm"
version = "0.1.0"
dependencies = [
 "yir-lower-llvm",
 "yir-syntax",
]

[[package]]
name = "yir-exec"
version = "0.1.0"
dependencies = [
 "yir-core",
 "yir-verify",
]

[[package]]
name = "yir-export-frame"
version = "0.1.0"
dependencies = [
 "yir-core",
 "yir-exec",
 "yir-host-render",
 "yir-syntax",
 "yir-verify",
]

[[package]]
name = "yir-host-render"
version = "0.1.0"
dependencies = [
 "yir-core",
]

[[package]]
name = "yir-lower-llvm"
version = "0.1.0"
dependencies = [
 "yir-core",
 "yir-verify",
]

[[package]]
name = "yir-run"
version = "0.1.0"
dependencies = [
 "yir-exec",
 "yir-syntax",
 "yir-verify",
]

[[package]]
name = "yir-syntax"
version = "0.1.0"
dependencies = [
 "yir-core",
]

[[package]]
name = "yir-verify"
version = "0.1.0"
dependencies = [
 "yir-core",
 "yir-domain-cpu",
 "yir-domain-shader",
]
